
Microsoft Visual Studio Solution File, Format Version 12.00
# Visual Studio 15
VisualStudioVersion = 15.0.26124.0
MinimumVisualStudioVersion = 15.0.26124.0
Project("{FAE04EC0-301F-11D3-BF4B-00C04F79EFBC}") = "Domain", "Domain\Domain.csproj", "{31317EC7-8347-477D-A9F9-B8CD6C30BB62}"
EndProject
Project("{FAE04EC0-301F-11D3-BF4B-00C04F79EFBC}") = "Application", "Application\Application.csproj", "{35B428C6-654A-4018-9AA1-A064D81A7C47}"
EndProject
Project("{FAE04EC0-301F-11D3-BF4B-00C04F79EFBC}") = "Persistence", "Persistence\Persistence.csproj", "{ACDADF90-736F-4AD3-B56B-13D3D5DB1DEE}"
EndProject
Project("{FAE04EC0-301F-11D3-BF4B-00C04F79EFBC}") = "API", "API\API.csproj", "{8F0035B6-F802-4182-8AAF-4A9A76C8B360}"
EndProject
Global
	GlobalSection(SolutionConfigurationPlatforms) = preSolution
		Debug|Any CPU = Debug|Any CPU
		Debug|x64 = Debug|x64
		Debug|x86 = Debug|x86
		Release|Any CPU = Release|Any CPU
		Release|x64 = Release|x64
		Release|x86 = Release|x86
	EndGlobalSection
	GlobalSection(SolutionProperties) = preSolution
		HideSolutionNode = FALSE
	EndGlobalSection
	GlobalSection(ProjectConfigurationPlatforms) = postSolution
		{31317EC7-8347-477D-A9F9-B8CD6C30BB62}.Debug|Any CPU.ActiveCfg = Debug|Any CPU
		{31317EC7-8347-477D-A9F9-B8CD6C30BB62}.Debug|Any CPU.Build.0 = Debug|Any CPU
		{31317EC7-8347-477D-A9F9-B8CD6C30BB62}.Debug|x64.ActiveCfg = Debug|Any CPU
		{31317EC7-8347-477D-A9F9-B8CD6C30BB62}.Debug|x64.Build.0 = Debug|Any CPU
		{31317EC7-8347-477D-A9F9-B8CD6C30BB62}.Debug|x86.ActiveCfg = Debug|Any CPU
		{31317EC7-8347-477D-A9F9-B8CD6C30BB62}.Debug|x86.Build.0 = Debug|Any CPU
		{31317EC7-8347-477D-A9F9-B8CD6C30BB62}.Release|Any CPU.ActiveCfg = Release|Any CPU
		{31317EC7-8347-477D-A9F9-B8CD6C30BB62}.Release|Any CPU.Build.0 = Release|Any CPU
		{31317EC7-8347-477D-A9F9-B8CD6C30BB62}.Release|x64.ActiveCfg = Release|Any CPU
		{31317EC7-8347-477D-A9F9-B8CD6C30BB62}.Release|x64.Build.0 = Release|Any CPU
		{31317EC7-8347-477D-A9F9-B8CD6C30BB62}.Release|x86.ActiveCfg = Release|Any CPU
		{31317EC7-8347-477D-A9F9-B8CD6C30BB62}.Release|x86.Build.0 = Release|Any CPU
		{35B428C6-654A-4018-9AA1-A064D81A7C47}.Debug|Any CPU.ActiveCfg = Debug|Any CPU
		{35B428C6-654A-4018-9AA1-A064D81A7C47}.Debug|Any CPU.Build.0 = Debug|Any CPU
		{35B428C6-654A-4018-9AA1-A064D81A7C47}.Debug|x64.ActiveCfg = Debug|Any CPU
		{35B428C6-654A-4018-9AA1-A064D81A7C47}.Debug|x64.Build.0 = Debug|Any CPU
		{35B428C6-654A-4018-9AA1-A064D81A7C47}.Debug|x86.ActiveCfg = Debug|Any CPU
		{35B428C6-654A-4018-9AA1-A064D81A7C47}.Debug|x86.Build.0 = Debug|Any CPU
		{35B428C6-654A-4018-9AA1-A064D81A7C47}.Release|Any CPU.ActiveCfg = Release|Any CPU
		{35B428C6-654A-4018-9AA1-A064D81A7C47}.Release|Any CPU.Build.0 = Release|Any CPU
		{35B428C6-654A-4018-9AA1-A064D81A7C47}.Release|x64.ActiveCfg = Release|Any CPU
		{35B428C6-654A-4018-9AA1-A064D81A7C47}.Release|x64.Build.0 = Release|Any CPU
		{35B428C6-654A-4018-9AA1-A064D81A7C47}.Release|x86.ActiveCfg = Release|Any CPU
		{35B428C6-654A-4018-9AA1-A064D81A7C47}.Release|x86.Build.0 = Release|Any CPU
		{ACDADF90-736F-4AD3-B56B-13D3D5DB1DEE}.Debug|Any CPU.ActiveCfg = Debug|Any CPU
		{ACDADF90-736F-4AD3-B56B-13D3D5DB1DEE}.Debug|Any CPU.Build.0 = Debug|Any CPU
		{ACDADF90-736F-4AD3-B56B-13D3D5DB1DEE}.Debug|x64.ActiveCfg = Debug|Any CPU
		{ACDADF90-736F-4AD3-B56B-13D3D5DB1DEE}.Debug|x64.Build.0 = Debug|Any CPU
		{ACDADF90-736F-4AD3-B56B-13D3D5DB1DEE}.Debug|x86.ActiveCfg = Debug|Any CPU
		{ACDADF90-736F-4AD3-B56B-13D3D5DB1DEE}.Debug|x86.Build.0 = Debug|Any CPU
		{ACDADF90-736F-4AD3-B56B-13D3D5DB1DEE}.Release|Any CPU.ActiveCfg = Release|Any CPU
		{ACDADF90-736F-4AD3-B56B-13D3D5DB1DEE}.Release|Any CPU.Build.0 = Release|Any CPU
		{ACDADF90-736F-4AD3-B56B-13D3D5DB1DEE}.Release|x64.ActiveCfg = Release|Any CPU
		{ACDADF90-736F-4AD3-B56B-13D3D5DB1DEE}.Release|x64.Build.0 = Release|Any CPU
		{ACDADF90-736F-4AD3-B56B-13D3D5DB1DEE}.Release|x86.ActiveCfg = Release|Any CPU
		{ACDADF90-736F-4AD3-B56B-13D3D5DB1DEE}.Release|x86.Build.0 = Release|Any CPU
		{8F0035B6-F802-4182-8AAF-4A9A76C8B360}.Debug|Any CPU.ActiveCfg = Debug|Any CPU
		{8F0035B6-F802-4182-8AAF-4A9A76C8B360}.Debug|Any CPU.Build.0 = Debug|Any CPU
		{8F0035B6-F802-4182-8AAF-4A9A76C8B360}.Debug|x64.ActiveCfg = Debug|Any CPU
		{8F0035B6-F802-4182-8AAF-4A9A76C8B360}.Debug|x64.Build.0 = Debug|Any CPU
		{8F0035B6-F802-4182-8AAF-4A9A76C8B360}.Debug|x86.ActiveCfg = Debug|Any CPU
		{8F0035B6-F802-4182-8AAF-4A9A76C8B360}.Debug|x86.Build.0 = Debug|Any CPU
		{8F0035B6-F802-4182-8AAF-4A9A76C8B360}.Release|Any CPU.ActiveCfg = Release|Any CPU
		{8F0035B6-F802-4182-8AAF-4A9A76C8B360}.Release|Any CPU.Build.0 = Release|Any CPU
		{8F0035B6-F802-4182-8AAF-4A9A76C8B360}.Release|x64.ActiveCfg = Release|Any CPU
		{8F0035B6-F802-4182-8AAF-4A9A76C8B360}.Release|x64.Build.0 = Release|Any CPU
		{8F0035B6-F802-4182-8AAF-4A9A76C8B360}.Release|x86.ActiveCfg = Release|Any CPU
		{8F0035B6-F802-4182-8AAF-4A9A76C8B360}.Release|x86.Build.0 = Release|Any CPU
	EndGlobalSection
EndGlobal
